schema: '2.0'
stages:
  data_ingestion:
    cmd: python src/cnnClassifier/pipeline/data_ingestion_pipeline.py
    deps:
    - path: config/config.yaml
      hash: md5
      md5: 4b14bb250dcda229f4f3b99b432cbcbe
      size: 593
    - path: src/cnnClassifier/pipeline/data_ingestion_pipeline.py
      hash: md5
      md5: fd18ad91ac56a87a847c35742c387412
      size: 880
    outs:
    - path: artifacts/data_ingestion/kidney_ct_scan
      hash: md5
      md5: 37515bb11b289cf75a2f07c53c8cceb9.dir
      size: 961115981
      nfiles: 7360
  prepare_base_model:
    cmd: python src/cnnClassifier/pipeline/prepare_base_model.py
    deps:
    - path: config/config.yaml
      hash: md5
      md5: 4b14bb250dcda229f4f3b99b432cbcbe
      size: 593
    - path: src/cnnClassifier/pipeline/prepare_base_model.py
      hash: md5
      md5: 775aa4928facb30b758562ebe8b76096
      size: 935
    params:
      params.yaml:
        CLASSES: 2
        IMAGE_SIZE:
        - 224
        - 224
        - 3
        INCLUDE_TOP: false
        LEARNING_RATE: 0.01
        WEIGHTS: imagenet
    outs:
    - path: artifacts/prepare_base_model
      hash: md5
      md5: 34f9a867af14d0bc62d8576b4f49acad.dir
      size: 118054560
      nfiles: 2
  training:
    cmd: python src/cnnClassifier/pipeline/train_model.py
    deps:
    - path: artifacts/data_ingestion/kidney_ct_scan
      hash: md5
      md5: 37515bb11b289cf75a2f07c53c8cceb9.dir
      size: 961115981
      nfiles: 7360
    - path: artifacts/prepare_base_model
      hash: md5
      md5: 34f9a867af14d0bc62d8576b4f49acad.dir
      size: 118054560
      nfiles: 2
    - path: config/config.yaml
      hash: md5
      md5: 4b14bb250dcda229f4f3b99b432cbcbe
      size: 593
    - path: src/cnnClassifier/pipeline/train_model.py
      hash: md5
      md5: e2fa2368a437ec751472af945a299f36
      size: 870
    params:
      params.yaml:
        AUGMENTATION: true
        BATCH_SIZE: 16
        EPOCHS: 5
        IMAGE_SIZE:
        - 224
        - 224
        - 3
    outs:
    - path: artifacts/training/model.h5
      hash: md5
      md5: 6f73903e7321d4375f508dee499dae60
      size: 59337520
  evaluation:
    cmd: python src/cnnClassifier/pipeline/model_evaluate.py
    deps:
    - path: artifacts/data_ingestion/kidney_ct_scan
      hash: md5
      md5: 37515bb11b289cf75a2f07c53c8cceb9.dir
      size: 961115981
      nfiles: 7360
    - path: artifacts/training/model.h5
      hash: md5
      md5: 6f73903e7321d4375f508dee499dae60
      size: 59337520
    - path: config/config.yaml
      hash: md5
      md5: 4b14bb250dcda229f4f3b99b432cbcbe
      size: 593
    - path: src/cnnClassifier/pipeline/model_evaluate.py
      hash: md5
      md5: b7949e93147a858cc0c65d85725f7fe0
      size: 901
    params:
      params.yaml:
        BATCH_SIZE: 16
        IMAGE_SIZE:
        - 224
        - 224
        - 3
    outs:
    - path: scores.json
      hash: md5
      md5: 1fd68d4e18e293712d94371a7ada0d58
      size: 73
