schema: '2.0'
stages:
  data_ingestion:
    cmd: python src/cnnClassifier/pipeline/data_ingestion_pipeline.py
    deps:
    - path: config/config.yaml
      hash: md5
      md5: eb5c9af7f7e309674dbce6bae4054957
      size: 599
    - path: src/cnnClassifier/pipeline/data_ingestion_pipeline.py
      hash: md5
      md5: fd18ad91ac56a87a847c35742c387412
      size: 880
    outs:
    - path: artifacts/data_ingestion/kidney_ct_scan
      hash: md5
      md5: 480f02db6967e2017d804fca0430c1a4.dir
      size: 1661580918
      nfiles: 12446
  prepare_base_model:
    cmd: python src/cnnClassifier/pipeline/prepare_base_model.py
    deps:
    - path: config/config.yaml
      hash: md5
      md5: eb5c9af7f7e309674dbce6bae4054957
      size: 599
    - path: src/cnnClassifier/pipeline/prepare_base_model.py
      hash: md5
      md5: 775aa4928facb30b758562ebe8b76096
      size: 935
    params:
      params.yaml:
        CLASSES: 4
        IMAGE_SIZE:
        - 224
        - 224
        - 3
        INCLUDE_TOP: false
        LEARNING_RATE: 0.01
        WEIGHTS: imagenet
    outs:
    - path: artifacts/prepare_base_model
      hash: md5
      md5: 218859c27b752762bf25790ac9e81b18.dir
      size: 118255264
      nfiles: 2
  training:
    cmd: python src/cnnClassifier/pipeline/train_model.py
    deps:
    - path: artifacts/data_ingestion/kidney_ct_scan
      hash: md5
      md5: 480f02db6967e2017d804fca0430c1a4.dir
      size: 1661580918
      nfiles: 12446
    - path: artifacts/prepare_base_model
      hash: md5
      md5: 218859c27b752762bf25790ac9e81b18.dir
      size: 118255264
      nfiles: 2
    - path: config/config.yaml
      hash: md5
      md5: eb5c9af7f7e309674dbce6bae4054957
      size: 599
    - path: src/cnnClassifier/pipeline/train_model.py
      hash: md5
      md5: e2fa2368a437ec751472af945a299f36
      size: 870
    params:
      params.yaml:
        AUGMENTATION: true
        BATCH_SIZE: 16
        EPOCHS: 1
        IMAGE_SIZE:
        - 224
        - 224
        - 3
    outs:
    - path: artifacts/training/model.h5
      hash: md5
      md5: e29337b792beb2b2069d9e3faf17c1fa
      size: 59738928
  evaluation:
    cmd: python src/cnnClassifier/pipeline/model_evaluate.py
    deps:
    - path: artifacts/data_ingestion/kidney_ct_scan
      hash: md5
      md5: 480f02db6967e2017d804fca0430c1a4.dir
      size: 1661580918
      nfiles: 12446
    - path: artifacts/training/model.h5
      hash: md5
      md5: e29337b792beb2b2069d9e3faf17c1fa
      size: 59738928
    - path: config/config.yaml
      hash: md5
      md5: eb5c9af7f7e309674dbce6bae4054957
      size: 599
    - path: src/cnnClassifier/pipeline/model_evaluate.py
      hash: md5
      md5: b7949e93147a858cc0c65d85725f7fe0
      size: 901
    params:
      params.yaml:
        BATCH_SIZE: 16
        IMAGE_SIZE:
        - 224
        - 224
        - 3
    outs:
    - path: scores.json
      hash: md5
      md5: c02c5857c0ace6025ff4ce961663aa6b
      size: 72
